
Microsoft Visual Studio Solution File, Format Version 12.00
# Visual Studio Version 17
VisualStudioVersion = 17.5.002.0
MinimumVisualStudioVersion = 10.0.40219.1
Project("{9A19103F-16F7-4668-BE54-9A1E7A4F7556}") = "IntegraBrasilApi", "IntegraBrasilApi\IntegraBrasilApi.csproj", "{0E91A374-3409-4BF3-AF4B-0AF83824DAC8}"
EndProject
Global
	GlobalSection(SolutionConfigurationPlatforms) = preSolution
		Debug|Any CPU = Debug|Any CPU
		Release|Any CPU = Release|Any CPU
	EndGlobalSection
	GlobalSection(ProjectConfigurationPlatforms) = postSolution
		{0E91A374-3409-4BF3-AF4B-0AF83824DAC8}.Debug|Any CPU.ActiveCfg = Debug|Any CPU
		{0E91A374-3409-4BF3-AF4B-0AF83824DAC8}.Debug|Any CPU.Build.0 = Debug|Any CPU
		{0E91A374-3409-4BF3-AF4B-0AF83824DAC8}.Release|Any CPU.ActiveCfg = Release|Any CPU
		{0E91A374-3409-4BF3-AF4B-0AF83824DAC8}.Release|Any CPU.Build.0 = Release|Any CPU
	EndGlobalSection
	GlobalSection(SolutionProperties) = preSolution
		HideSolutionNode = FALSE
	EndGlobalSection
	GlobalSection(ExtensibilityGlobals) = postSolution
		SolutionGuid = {245057AF-25C6-48A4-A6BE-B262D6A5F320}
	EndGlobalSection
EndGlobal
